// !$*UTF8*$!
{
	archiveVersion = 1;
	classes = {
	};
	objectVersion = 77;
	objects = {

/* Begin PBXBuildFile section */
		015C89977A31E07AF102B3CF /* OnboardingFavoritesView.swift in Sources */ = {isa = PBXBuildFile; fileRef = 2A3D7A85A327C5BADD0FE4B2 /* OnboardingFavoritesView.swift */; };
		031225AE3CC7B79EF8784EB7 /* WidgetViews.swift in Sources */ = {isa = PBXBuildFile; fileRef = BE2A1485C33F328D6E63E9BB /* WidgetViews.swift */; };
		06A7CAEBD5D6F9D29B012C89 /* GoogleSignIn in Frameworks */ = {isa = PBXBuildFile; productRef = F8B44FFE32EBF050A94BE8AA /* GoogleSignIn */; };
		0923FF83596356705AEEA84C /* AppWeatherService.swift in Sources */ = {isa = PBXBuildFile; fileRef = C7AEAB277B4D4E5B28E34FEC /* AppWeatherService.swift */; };
		0E0A0EB16E769C9682197E5A /* FriendService.swift in Sources */ = {isa = PBXBuildFile; fileRef = F114DFB02FD57BACC061D3CB /* FriendService.swift */; };
		0E9ADED7867FE59512BC818D /* Assets.xcassets in Resources */ = {isa = PBXBuildFile; fileRef = F6DA19899947ADBAE62FB81C /* Assets.xcassets */; };
		10484AEF454F2341CDCCB81C /* FirebaseFunctions in Frameworks */ = {isa = PBXBuildFile; productRef = A3174E5AD01F2CA839F31AF3 /* FirebaseFunctions */; };
		104A6991155EBF8F20498249 /* WeatherStickerView.swift in Sources */ = {isa = PBXBuildFile; fileRef = 616C89AE007BB29E51AABE54 /* WeatherStickerView.swift */; };
		1076B577218F0D9FB02F95A6 /* ChatView.swift in Sources */ = {isa = PBXBuildFile; fileRef = 2443925B1B0DF6EC55C0E98F /* ChatView.swift */; };
		206CA7F5CD9F5B7F6DEEC65D /* FriendWeather.swift in Sources */ = {isa = PBXBuildFile; fileRef = 3CBA5CD41802CFE062FE5EAB /* FriendWeather.swift */; };
		20C40295A428CE765A09C78A /* FriendListView.swift in Sources */ = {isa = PBXBuildFile; fileRef = 50C17A00CA20FF485FF6DE6A /* FriendListView.swift */; };
		20F4C115E36989720250E76E /* DemoFriendService.swift in Sources */ = {isa = PBXBuildFile; fileRef = 4808F3AA5DCC2DF144C3D737 /* DemoFriendService.swift */; };
		226BC0E6E4484946DFF8AAD3 /* FirebaseStorage in Frameworks */ = {isa = PBXBuildFile; productRef = 1DF6AB643D3A1D887131F2BA /* FirebaseStorage */; };
		2C734351BA0E285634373291 /* FacebookCore in Frameworks */ = {isa = PBXBuildFile; productRef = 47014F2EAB98CBF799D97551 /* FacebookCore */; };
		3224CEADB543DD6572289FC1 /* AuthState.swift in Sources */ = {isa = PBXBuildFile; fileRef = D318457A3208319B531E0026 /* AuthState.swift */; };
		34B88F423944EF00A8B58B62 /* FriendRowView.swift in Sources */ = {isa = PBXBuildFile; fileRef = 4BF4883BF93DB7BD9B5DE307 /* FriendRowView.swift */; };
		37E62F0EAC0C9C9491482539 /* DailyWeatherNotificationService.swift in Sources */ = {isa = PBXBuildFile; fileRef = 57A43CF1210845D602D8EA8A /* DailyWeatherNotificationService.swift */; };
		3BD13553ADB693861F76AEBC /* MainTabView.swift in Sources */ = {isa = PBXBuildFile; fileRef = 46BE76294B35397FE9A5F57B /* MainTabView.swift */; };
		3BDD9AFB21EC96E8A7EE92FF /* GoogleSignInSwift in Frameworks */ = {isa = PBXBuildFile; productRef = 3560593D7328AF527A711AB5 /* GoogleSignInSwift */; };
		41B410495D3A8703AA619245 /* HotAndColdFriendsApp.swift in Sources */ = {isa = PBXBuildFile; fileRef = B963C03952B9BE216F70BEAC /* HotAndColdFriendsApp.swift */; };
		43B3A4CD67349EE853E277F1 /* ChatService.swift in Sources */ = {isa = PBXBuildFile; fileRef = C823460B236F30515A2B6BA4 /* ChatService.swift */; };
		47BBD3950C60D053BC5E935E /* HotAndColdFriendsWidgetExtension.appex in Embed Foundation Extensions */ = {isa = PBXBuildFile; fileRef = 9DE660F20F631B593A624396 /* HotAndColdFriendsWidgetExtension.appex */; settings = {ATTRIBUTES = (RemoveHeadersOnCopy, ); }; };
		5490F71F115D180AAD2CCCA8 /* ConversationListViewModel.swift in Sources */ = {isa = PBXBuildFile; fileRef = 59676B084BB0DFF1A9DDE540 /* ConversationListViewModel.swift */; };
		561765040B94E999926C86D9 /* ProfileView.swift in Sources */ = {isa = PBXBuildFile; fileRef = 83B8C3C60DADFC174ABB094F /* ProfileView.swift */; };
		57E58C63B0AA9B1E741E0635 /* ProfileViewModel.swift in Sources */ = {isa = PBXBuildFile; fileRef = 2D1B0EE016563BF8F8478701 /* ProfileViewModel.swift */; };
		5A2E4F25DBE3DA8AA52245A2 /* EditProfileView.swift in Sources */ = {isa = PBXBuildFile; fileRef = 1F40D14036FC668699DE4464 /* EditProfileView.swift */; };
		5C4A18FD9AB1FBDCC3D7523A /* Friend.swift in Sources */ = {isa = PBXBuildFile; fileRef = FD9B9FB773AAD71C1FFBC0A9 /* Friend.swift */; };
		5F64AB1D959D25FB3C756F0C /* AppUser.swift in Sources */ = {isa = PBXBuildFile; fileRef = 6D5D09E7D2EB63EA3EDCDDDF /* AppUser.swift */; };
		6205811B236AE218203BC104 /* AddFriendSheet.swift in Sources */ = {isa = PBXBuildFile; fileRef = 9D198A6FFAF3C36481DF57EC /* AddFriendSheet.swift */; };
		6F93C5D433398194F1718108 /* UserService.swift in Sources */ = {isa = PBXBuildFile; fileRef = A0595D92E8471402A2465017 /* UserService.swift */; };
		7222AC8CB0FA8073920A1194 /* WeatherAnimationView.swift in Sources */ = {isa = PBXBuildFile; fileRef = C0FEF5CBE394AD4CFCBECA2A /* WeatherAnimationView.swift */; };
		728B80C4300E19BC3170558F /* OnboardingNameView.swift in Sources */ = {isa = PBXBuildFile; fileRef = 81ACB61652C42F6BA4E33618 /* OnboardingNameView.swift */; };
		76D58889D5DD6FEBC491DCC0 /* ContactImportRow.swift in Sources */ = {isa = PBXBuildFile; fileRef = 97F7A7C3ABE2D55AC4851133 /* ContactImportRow.swift */; };
		7758C9A0A11DFDDD894D10F3 /* HotAndColdFriendsWidget.swift in Sources */ = {isa = PBXBuildFile; fileRef = 4983BC091BC878A6DCCEFF65 /* HotAndColdFriendsWidget.swift */; };
		7CCBF541B71A56D605D16032 /* FriendListViewModel.swift in Sources */ = {isa = PBXBuildFile; fileRef = 21C773FC6DD78C9854596E5D /* FriendListViewModel.swift */; };
		89FD7BADF5356C400F79236E /* LoginViewModel.swift in Sources */ = {isa = PBXBuildFile; fileRef = C665750FE31C993FBAB8CFD6 /* LoginViewModel.swift */; };
		8A1F4FC9052B1E1BDFE9BF2F /* OnboardingViewModel.swift in Sources */ = {isa = PBXBuildFile; fileRef = 08DC5CA1D9EA7E3DA8C1A93B /* OnboardingViewModel.swift */; };
		8AEC6AF2E3C3D1310CF1629C /* OnboardingLocationView.swift in Sources */ = {isa = PBXBuildFile; fileRef = 680DE0113F1304C8D2F93C0D /* OnboardingLocationView.swift */; };
		8B3F462DA2B0D8D87102B330 /* ConversationListView.swift in Sources */ = {isa = PBXBuildFile; fileRef = 1A01965131E6255B5C1057AF /* ConversationListView.swift */; };
		8BCC1D7419C1C8BF9ACF0500 /* GoogleService-Info.plist in Resources */ = {isa = PBXBuildFile; fileRef = 1F1E46F80EE4810096655142 /* GoogleService-Info.plist */; };
		8C5DDD1B3D5EF71814EA8F19 /* WeatherHeaderView.swift in Sources */ = {isa = PBXBuildFile; fileRef = 625A8067A1DC08A0ED9879E1 /* WeatherHeaderView.swift */; };
		8CA3ABF18999AE1697108BA2 /* FirebaseMessaging in Frameworks */ = {isa = PBXBuildFile; productRef = 0349F96B865000DA59EC0FDA /* FirebaseMessaging */; };
		8EE4E92657DA0078618AFFE9 /* FirebaseAuth in Frameworks */ = {isa = PBXBuildFile; productRef = BCF5F5391A781D6D3DDD6B4B /* FirebaseAuth */; };
		9001F0FA1C4AF8B41E0EE87E /* ChatMessage.swift in Sources */ = {isa = PBXBuildFile; fileRef = E534A735B585F4550CAE1A58 /* ChatMessage.swift */; };
		91B378E9C6224101CEFA458F /* WidgetFriendEntry.swift in Sources */ = {isa = PBXBuildFile; fileRef = EDCA71A3C1F9825DAA965A6D /* WidgetFriendEntry.swift */; };
		94179C511E6289B2EB6E01AB /* OnboardingView.swift in Sources */ = {isa = PBXBuildFile; fileRef = 3B20F948D1A9868EE70A5272 /* OnboardingView.swift */; };
		97E21DAEF34CA72BF1ABBA47 /* ChatBubbleView.swift in Sources */ = {isa = PBXBuildFile; fileRef = F3D50E45FEF6B20630356DDD /* ChatBubbleView.swift */; };
		9BB9864F2639D615362A3180 /* FriendMapView.swift in Sources */ = {isa = PBXBuildFile; fileRef = 27DD254978A557D8DFB2EA3B /* FriendMapView.swift */; };
		9C5D837CE1F84587D31A8D8D /* WidgetFriendEntry.swift in Sources */ = {isa = PBXBuildFile; fileRef = EDCA71A3C1F9825DAA965A6D /* WidgetFriendEntry.swift */; };
		A5A6F2FC3544EC1A7BFBFE7D /* AppRouter.swift in Sources */ = {isa = PBXBuildFile; fileRef = 49AEC5B49CAD762F884C75ED /* AppRouter.swift */; };
		B2B0860E2220BB010905DE15 /* ContactImportView.swift in Sources */ = {isa = PBXBuildFile; fileRef = EB81775B5DEE9ABD7A1262F0 /* ContactImportView.swift */; };
		B5574A7DB63C97694C30F7B2 /* AuthManager.swift in Sources */ = {isa = PBXBuildFile; fileRef = 7CC38AB7BDC03D9814B36926 /* AuthManager.swift */; };
		C3D69DA3003679DFAB00C76E /* LocationService.swift in Sources */ = {isa = PBXBuildFile; fileRef = 26AA76B894E3A6EB74C5E6B6 /* LocationService.swift */; };
		C9930BD4051D14E757B05503 /* PrivacyInfo.xcprivacy in Resources */ = {isa = PBXBuildFile; fileRef = DB73DE87C26C659D7FA9B19C /* PrivacyInfo.xcprivacy */; };
		C9AF99B0F8F84E9E987F1B6E /* FriendMapViewModel.swift in Sources */ = {isa = PBXBuildFile; fileRef = BD83D4A4F94EA7B27B72CA97 /* FriendMapViewModel.swift */; };
		CC740470FC314853DEFD878F /* Report.swift in Sources */ = {isa = PBXBuildFile; fileRef = DD414AD8699A2B68C55D7CF8 /* Report.swift */; };
		CCFC4ED925834CEC5A5EA8EE /* ChatViewModel.swift in Sources */ = {isa = PBXBuildFile; fileRef = 72797A3E84EADA4B957500B5 /* ChatViewModel.swift */; };
		D2ECEFED9515A6FF40E8788C /* FirebaseFirestore in Frameworks */ = {isa = PBXBuildFile; productRef = CD4E76478D6F38D4786EA39A /* FirebaseFirestore */; };
		D3AB8C23696CE09363855001 /* NewConversationSheet.swift in Sources */ = {isa = PBXBuildFile; fileRef = 986FCC0691322A4C8D26A54C /* NewConversationSheet.swift */; };
		D3F12FC7FC22B4A683338628 /* FacebookLogin in Frameworks */ = {isa = PBXBuildFile; productRef = 0E207B2F3C8877482BDA8A6D /* FacebookLogin */; };
		DD39A0BACDC411EC18D61E72 /* ImportReviewView.swift in Sources */ = {isa = PBXBuildFile; fileRef = F9C117DE07274F16E9DFE153 /* ImportReviewView.swift */; };
		E367E5B04B89BFFD0875E007 /* AppDelegate.swift in Sources */ = {isa = PBXBuildFile; fileRef = F5AADA557D58C83067C0A07B /* AppDelegate.swift */; };
		E5F1888F2C07A59B2ACCFE21 /* FriendCategoryView.swift in Sources */ = {isa = PBXBuildFile; fileRef = 9B84BDDA57D947D21BF33DD3 /* FriendCategoryView.swift */; };
		E821AE5D2E43037E4998C7C8 /* ContactImportService.swift in Sources */ = {isa = PBXBuildFile; fileRef = 94BD41B30E138D13CBFB02F6 /* ContactImportService.swift */; };
		EB88DA4EA3DBFD252CB01BE9 /* WeatherDetailSheet.swift in Sources */ = {isa = PBXBuildFile; fileRef = 59C4267EC810F7CB90C18295 /* WeatherDetailSheet.swift */; };
		EE887857D9F81FF71E52BA78 /* WeatherAlertService.swift in Sources */ = {isa = PBXBuildFile; fileRef = 10C4F7C7CE6C88821310C717 /* WeatherAlertService.swift */; };
		F1E4163C8B26301DCBA10F41 /* Conversation.swift in Sources */ = {isa = PBXBuildFile; fileRef = 16EF143E99F47157F84C8BC8 /* Conversation.swift */; };
		F68180E110596C07E07AF9F2 /* FriendsTabView.swift in Sources */ = {isa = PBXBuildFile; fileRef = 7EB4EAC612CD687061805314 /* FriendsTabView.swift */; };
		F6B45EA42E056C7427F067E8 /* LoginView.swift in Sources */ = {isa = PBXBuildFile; fileRef = B639990872A0AD5664410044 /* LoginView.swift */; };
		FD49AECC6F0DBCCFD7332371 /* FriendProfileView.swift in Sources */ = {isa = PBXBuildFile; fileRef = 16B4A9387ECDC78DA98932C0 /* FriendProfileView.swift */; };
		FE434D8804CA0C7AEAE41340 /* OnboardingPhotoView.swift in Sources */ = {isa = PBXBuildFile; fileRef = 340E3F3E57693FB11E4F7A83 /* OnboardingPhotoView.swift */; };
		BEAF45DA476A45C6AACC9DD2 /* Baloo2-Regular.ttf in Resources */ = {isa = PBXBuildFile; fileRef = 903D37CE594E4F99AE30250C /* Baloo2-Regular.ttf */; };
		8CFC002566CE417C99350428 /* Baloo2-Medium.ttf in Resources */ = {isa = PBXBuildFile; fileRef = 65284112E4BF42EE9D377992 /* Baloo2-Medium.ttf */; };
		4A0B5FA4D3904D46A86D2046 /* Baloo2-SemiBold.ttf in Resources */ = {isa = PBXBuildFile; fileRef = 9AD787ED7FAE4415ADA52EE8 /* Baloo2-SemiBold.ttf */; };
		911310307C0A40C38D90D572 /* Baloo2-Bold.ttf in Resources */ = {isa = PBXBuildFile; fileRef = 85DB6A99D1D24D5D97DD48D8 /* Baloo2-Bold.ttf */; };
		99CB3990B152438E94651CF8 /* Baloo2-ExtraBold.ttf in Resources */ = {isa = PBXBuildFile; fileRef = B49511AC9F46458295FE5964 /* Baloo2-ExtraBold.ttf */; };
		A1B2C3D4E5F60718293A4B5C /* AvatarView.swift in Sources */ = {isa = PBXBuildFile; fileRef = D6E7F8091A2B3C4D5E6F7081 /* AvatarView.swift */; };
		F880C289CF4A43C5852EAC56 /* BubblePopColors.swift in Sources */ = {isa = PBXBuildFile; fileRef = CFFAC09421A941E39841863E /* BubblePopColors.swift */; };
		2EE3936893B74CD38CD6956C /* BubblePopColors.swift in Sources */ = {isa = PBXBuildFile; fileRef = CFFAC09421A941E39841863E /* BubblePopColors.swift */; };
		8D9E0DEE654C454382C744CA /* BubblePopTypography.swift in Sources */ = {isa = PBXBuildFile; fileRef = 7C350D01910646648801C220 /* BubblePopTypography.swift */; };
		DE98F4DC2B264C17B035C18B /* BubblePopTypography.swift in Sources */ = {isa = PBXBuildFile; fileRef = 7C350D01910646648801C220 /* BubblePopTypography.swift */; };
		97B3787590FF4AB582370936 /* BubblePopSpacing.swift in Sources */ = {isa = PBXBuildFile; fileRef = BE417F4983DF4BDAA498B256 /* BubblePopSpacing.swift */; };
		061097CB1A824B4FAD96B9C4 /* BubblePopSpacing.swift in Sources */ = {isa = PBXBuildFile; fileRef = BE417F4983DF4BDAA498B256 /* BubblePopSpacing.swift */; };
		29BBA592B593415FA2C6B5B1 /* BubblePopShadows.swift in Sources */ = {isa = PBXBuildFile; fileRef = E304BAE08F4F492BA08296DD /* BubblePopShadows.swift */; };
		C06E4399A8E646609AEFFDA5 /* BubblePopShadows.swift in Sources */ = {isa = PBXBuildFile; fileRef = E304BAE08F4F492BA08296DD /* BubblePopShadows.swift */; };
		ED10D335E03848CE8CD6DEE3 /* TemperatureZone.swift in Sources */ = {isa = PBXBuildFile; fileRef = 100EE47A8F6843A79DD026C0 /* TemperatureZone.swift */; };
		23D3FCE26F8C46FEAD1F60EB /* TemperatureZone.swift in Sources */ = {isa = PBXBuildFile; fileRef = 100EE47A8F6843A79DD026C0 /* TemperatureZone.swift */; };
		9407BD3AE2C24FA4B9FB22AA /* WeatherIconMapper.swift in Sources */ = {isa = PBXBuildFile; fileRef = 145D5436F56D4365AC1939C0 /* WeatherIconMapper.swift */; };
		654D72C7D1AE4179B51EF579 /* WeatherIconMapper.swift in Sources */ = {isa = PBXBuildFile; fileRef = 145D5436F56D4365AC1939C0 /* WeatherIconMapper.swift */; };
		3626D8CEE80D4F11814A5931 /* BubblePopButton.swift in Sources */ = {isa = PBXBuildFile; fileRef = 66155DFEE3BF43A58A1EECDD /* BubblePopButton.swift */; };
		2F1F90AEF35543FEB33D420E /* BubblePopButton.swift in Sources */ = {isa = PBXBuildFile; fileRef = 66155DFEE3BF43A58A1EECDD /* BubblePopButton.swift */; };
/* End PBXBuildFile section */

/* Begin PBXContainerItemProxy section */
		8A8D1FAD1682E332F06AA5FD /* PBXContainerItemProxy */ = {
			isa = PBXContainerItemProxy;
			containerPortal = 00DC4A437621618867294229 /* Project object */;
			proxyType = 1;
			remoteGlobalIDString = 9B4677BEA7494FABF7890624;
			remoteInfo = HotAndColdFriendsWidgetExtension;
		};
/* End PBXContainerItemProxy section */

/* Begin PBXCopyFilesBuildPhase section */
		721F6654E6602BF055D2540C /* Embed Foundation Extensions */ = {
			isa = PBXCopyFilesBuildPhase;
			buildActionMask = 2147483647;
			dstPath = "";
			dstSubfolderSpec = 13;
			files = (
				47BBD3950C60D053BC5E935E /* HotAndColdFriendsWidgetExtension.appex in Embed Foundation Extensions */,
			);
			name = "Embed Foundation Extensions";
			runOnlyForDeploymentPostprocessing = 0;
		};
/* End PBXCopyFilesBuildPhase section */

/* Begin PBXFileReference section */
		00401E5EF0ABA708741615B5 /* HotAndColdFriends.entitlements */ = {isa = PBXFileReference; lastKnownFileType = text.plist.entitlements; path = HotAndColdFriends.entitlements; sourceTree = "<group>"; };
		08DC5CA1D9EA7E3DA8C1A93B /* OnboardingViewModel.swift */ = {isa = PBXFileReference; lastKnownFileType = sourcecode.swift; path = OnboardingViewModel.swift; sourceTree = "<group>"; };
		10C4F7C7CE6C88821310C717 /* WeatherAlertService.swift */ = {isa = PBXFileReference; lastKnownFileType = sourcecode.swift; path = WeatherAlertService.swift; sourceTree = "<group>"; };
		16B4A9387ECDC78DA98932C0 /* FriendProfileView.swift */ = {isa = PBXFileReference; lastKnownFileType = sourcecode.swift; path = FriendProfileView.swift; sourceTree = "<group>"; };
		16EF143E99F47157F84C8BC8 /* Conversation.swift */ = {isa = PBXFileReference; lastKnownFileType = sourcecode.swift; path = Conversation.swift; sourceTree = "<group>"; };
		1A01965131E6255B5C1057AF /* ConversationListView.swift */ = {isa = PBXFileReference; lastKnownFileType = sourcecode.swift; path = ConversationListView.swift; sourceTree = "<group>"; };
		1F1E46F80EE4810096655142 /* GoogleService-Info.plist */ = {isa = PBXFileReference; lastKnownFileType = text.plist; path = "GoogleService-Info.plist"; sourceTree = "<group>"; };
		1F40D14036FC668699DE4464 /* EditProfileView.swift */ = {isa = PBXFileReference; lastKnownFileType = sourcecode.swift; path = EditProfileView.swift; sourceTree = "<group>"; };
		21C773FC6DD78C9854596E5D /* FriendListViewModel.swift */ = {isa = PBXFileReference; lastKnownFileType = sourcecode.swift; path = FriendListViewModel.swift; sourceTree = "<group>"; };
		2443925B1B0DF6EC55C0E98F /* ChatView.swift */ = {isa = PBXFileReference; lastKnownFileType = sourcecode.swift; path = ChatView.swift; sourceTree = "<group>"; };
		258BBCF26EBD1AC21640B13D /* HotAndColdFriendsWidget.entitlements */ = {isa = PBXFileReference; lastKnownFileType = text.plist.entitlements; path = HotAndColdFriendsWidget.entitlements; sourceTree = "<group>"; };
		26AA76B894E3A6EB74C5E6B6 /* LocationService.swift */ = {isa = PBXFileReference; lastKnownFileType = sourcecode.swift; path = LocationService.swift; sourceTree = "<group>"; };
		27DD254978A557D8DFB2EA3B /* FriendMapView.swift */ = {isa = PBXFileReference; lastKnownFileType = sourcecode.swift; path = FriendMapView.swift; sourceTree = "<group>"; };
		2A3D7A85A327C5BADD0FE4B2 /* OnboardingFavoritesView.swift */ = {isa = PBXFileReference; lastKnownFileType = sourcecode.swift; path = OnboardingFavoritesView.swift; sourceTree = "<group>"; };
		2A67B39B28528E02AB997109 /* HotAndColdFriends.app */ = {isa = PBXFileReference; includeInIndex = 0; lastKnownFileType = wrapper.application; path = HotAndColdFriends.app; sourceTree = BUILT_PRODUCTS_DIR; };
		2D1B0EE016563BF8F8478701 /* ProfileViewModel.swift */ = {isa = PBXFileReference; lastKnownFileType = sourcecode.swift; path = ProfileViewModel.swift; sourceTree = "<group>"; };
		340E3F3E57693FB11E4F7A83 /* OnboardingPhotoView.swift */ = {isa = PBXFileReference; lastKnownFileType = sourcecode.swift; path = OnboardingPhotoView.swift; sourceTree = "<group>"; };
		3B20F948D1A9868EE70A5272 /* OnboardingView.swift */ = {isa = PBXFileReference; lastKnownFileType = sourcecode.swift; path = OnboardingView.swift; sourceTree = "<group>"; };
		3CBA5CD41802CFE062FE5EAB /* FriendWeather.swift */ = {isa = PBXFileReference; lastKnownFileType = sourcecode.swift; path = FriendWeather.swift; sourceTree = "<group>"; };
		46BE76294B35397FE9A5F57B /* MainTabView.swift */ = {isa = PBXFileReference; lastKnownFileType = sourcecode.swift; path = MainTabView.swift; sourceTree = "<group>"; };
		4808F3AA5DCC2DF144C3D737 /* DemoFriendService.swift */ = {isa = PBXFileReference; lastKnownFileType = sourcecode.swift; path = DemoFriendService.swift; sourceTree = "<group>"; };
		4983BC091BC878A6DCCEFF65 /* HotAndColdFriendsWidget.swift */ = {isa = PBXFileReference; lastKnownFileType = sourcecode.swift; path = HotAndColdFriendsWidget.swift; sourceTree = "<group>"; };
		49AEC5B49CAD762F884C75ED /* AppRouter.swift */ = {isa = PBXFileReference; lastKnownFileType = sourcecode.swift; path = AppRouter.swift; sourceTree = "<group>"; };
		4BF4883BF93DB7BD9B5DE307 /* FriendRowView.swift */ = {isa = PBXFileReference; lastKnownFileType = sourcecode.swift; path = FriendRowView.swift; sourceTree = "<group>"; };
		50C17A00CA20FF485FF6DE6A /* FriendListView.swift */ = {isa = PBXFileReference; lastKnownFileType = sourcecode.swift; path = FriendListView.swift; sourceTree = "<group>"; };
		57A43CF1210845D602D8EA8A /* DailyWeatherNotificationService.swift */ = {isa = PBXFileReference; lastKnownFileType = sourcecode.swift; path = DailyWeatherNotificationService.swift; sourceTree = "<group>"; };
		59676B084BB0DFF1A9DDE540 /* ConversationListViewModel.swift */ = {isa = PBXFileReference; lastKnownFileType = sourcecode.swift; path = ConversationListViewModel.swift; sourceTree = "<group>"; };
		59C4267EC810F7CB90C18295 /* WeatherDetailSheet.swift */ = {isa = PBXFileReference; lastKnownFileType = sourcecode.swift; path = WeatherDetailSheet.swift; sourceTree = "<group>"; };
		616C89AE007BB29E51AABE54 /* WeatherStickerView.swift */ = {isa = PBXFileReference; lastKnownFileType = sourcecode.swift; path = WeatherStickerView.swift; sourceTree = "<group>"; };
		625A8067A1DC08A0ED9879E1 /* WeatherHeaderView.swift */ = {isa = PBXFileReference; lastKnownFileType = sourcecode.swift; path = WeatherHeaderView.swift; sourceTree = "<group>"; };
		66579F50B54C2DB086C98BF6 /* Info.plist */ = {isa = PBXFileReference; lastKnownFileType = text.plist; path = Info.plist; sourceTree = "<group>"; };
		680DE0113F1304C8D2F93C0D /* OnboardingLocationView.swift */ = {isa = PBXFileReference; lastKnownFileType = sourcecode.swift; path = OnboardingLocationView.swift; sourceTree = "<group>"; };
		6D5D09E7D2EB63EA3EDCDDDF /* AppUser.swift */ = {isa = PBXFileReference; lastKnownFileType = sourcecode.swift; path = AppUser.swift; sourceTree = "<group>"; };
		72797A3E84EADA4B957500B5 /* ChatViewModel.swift */ = {isa = PBXFileReference; lastKnownFileType = sourcecode.swift; path = ChatViewModel.swift; sourceTree = "<group>"; };
		7CC38AB7BDC03D9814B36926 /* AuthManager.swift */ = {isa = PBXFileReference; lastKnownFileType = sourcecode.swift; path = AuthManager.swift; sourceTree = "<group>"; };
		7EB4EAC612CD687061805314 /* FriendsTabView.swift */ = {isa = PBXFileReference; lastKnownFileType = sourcecode.swift; path = FriendsTabView.swift; sourceTree = "<group>"; };
		81ACB61652C42F6BA4E33618 /* OnboardingNameView.swift */ = {isa = PBXFileReference; lastKnownFileType = sourcecode.swift; path = OnboardingNameView.swift; sourceTree = "<group>"; };
		83B8C3C60DADFC174ABB094F /* ProfileView.swift */ = {isa = PBXFileReference; lastKnownFileType = sourcecode.swift; path = ProfileView.swift; sourceTree = "<group>"; };
		94BD41B30E138D13CBFB02F6 /* ContactImportService.swift */ = {isa = PBXFileReference; lastKnownFileType = sourcecode.swift; path = ContactImportService.swift; sourceTree = "<group>"; };
		97F7A7C3ABE2D55AC4851133 /* ContactImportRow.swift */ = {isa = PBXFileReference; lastKnownFileType = sourcecode.swift; path = ContactImportRow.swift; sourceTree = "<group>"; };
		986FCC0691322A4C8D26A54C /* NewConversationSheet.swift */ = {isa = PBXFileReference; lastKnownFileType = sourcecode.swift; path = NewConversationSheet.swift; sourceTree = "<group>"; };
		9B84BDDA57D947D21BF33DD3 /* FriendCategoryView.swift */ = {isa = PBXFileReference; lastKnownFileType = sourcecode.swift; path = FriendCategoryView.swift; sourceTree = "<group>"; };
		9D198A6FFAF3C36481DF57EC /* AddFriendSheet.swift */ = {isa = PBXFileReference; lastKnownFileType = sourcecode.swift; path = AddFriendSheet.swift; sourceTree = "<group>"; };
		9DE660F20F631B593A624396 /* HotAndColdFriendsWidgetExtension.appex */ = {isa = PBXFileReference; includeInIndex = 0; lastKnownFileType = "wrapper.app-extension"; path = HotAndColdFriendsWidgetExtension.appex; sourceTree = BUILT_PRODUCTS_DIR; };
		A0595D92E8471402A2465017 /* UserService.swift */ = {isa = PBXFileReference; lastKnownFileType = sourcecode.swift; path = UserService.swift; sourceTree = "<group>"; };
		AAEDC4DFF905CA78F3B8EA6E /* Info.plist */ = {isa = PBXFileReference; lastKnownFileType = text.plist; path = Info.plist; sourceTree = "<group>"; };
		B639990872A0AD5664410044 /* LoginView.swift */ = {isa = PBXFileReference; lastKnownFileType = sourcecode.swift; path = LoginView.swift; sourceTree = "<group>"; };
		B963C03952B9BE216F70BEAC /* HotAndColdFriendsApp.swift */ = {isa = PBXFileReference; lastKnownFileType = sourcecode.swift; path = HotAndColdFriendsApp.swift; sourceTree = "<group>"; };
		BD83D4A4F94EA7B27B72CA97 /* FriendMapViewModel.swift */ = {isa = PBXFileReference; lastKnownFileType = sourcecode.swift; path = FriendMapViewModel.swift; sourceTree = "<group>"; };
		BE2A1485C33F328D6E63E9BB /* WidgetViews.swift */ = {isa = PBXFileReference; lastKnownFileType = sourcecode.swift; path = WidgetViews.swift; sourceTree = "<group>"; };
		C0FEF5CBE394AD4CFCBECA2A /* WeatherAnimationView.swift */ = {isa = PBXFileReference; lastKnownFileType = sourcecode.swift; path = WeatherAnimationView.swift; sourceTree = "<group>"; };
		C665750FE31C993FBAB8CFD6 /* LoginViewModel.swift */ = {isa = PBXFileReference; lastKnownFileType = sourcecode.swift; path = LoginViewModel.swift; sourceTree = "<group>"; };
		C7AEAB277B4D4E5B28E34FEC /* AppWeatherService.swift */ = {isa = PBXFileReference; lastKnownFileType = sourcecode.swift; path = AppWeatherService.swift; sourceTree = "<group>"; };
		C823460B236F30515A2B6BA4 /* ChatService.swift */ = {isa = PBXFileReference; lastKnownFileType = sourcecode.swift; path = ChatService.swift; sourceTree = "<group>"; };
		D318457A3208319B531E0026 /* AuthState.swift */ = {isa = PBXFileReference; lastKnownFileType = sourcecode.swift; path = AuthState.swift; sourceTree = "<group>"; };
		DB73DE87C26C659D7FA9B19C /* PrivacyInfo.xcprivacy */ = {isa = PBXFileReference; path = PrivacyInfo.xcprivacy; sourceTree = "<group>"; };
		DD414AD8699A2B68C55D7CF8 /* Report.swift */ = {isa = PBXFileReference; lastKnownFileType = sourcecode.swift; path = Report.swift; sourceTree = "<group>"; };
		E534A735B585F4550CAE1A58 /* ChatMessage.swift */ = {isa = PBXFileReference; lastKnownFileType = sourcecode.swift; path = ChatMessage.swift; sourceTree = "<group>"; };
		EB81775B5DEE9ABD7A1262F0 /* ContactImportView.swift */ = {isa = PBXFileReference; lastKnownFileType = sourcecode.swift; path = ContactImportView.swift; sourceTree = "<group>"; };
		EDCA71A3C1F9825DAA965A6D /* WidgetFriendEntry.swift */ = {isa = PBXFileReference; lastKnownFileType = sourcecode.swift; path = WidgetFriendEntry.swift; sourceTree = "<group>"; };
		F114DFB02FD57BACC061D3CB /* FriendService.swift */ = {isa = PBXFileReference; lastKnownFileType = sourcecode.swift; path = FriendService.swift; sourceTree = "<group>"; };
		F3D50E45FEF6B20630356DDD /* ChatBubbleView.swift */ = {isa = PBXFileReference; lastKnownFileType = sourcecode.swift; path = ChatBubbleView.swift; sourceTree = "<group>"; };
		F5AADA557D58C83067C0A07B /* AppDelegate.swift */ = {isa = PBXFileReference; lastKnownFileType = sourcecode.swift; path = AppDelegate.swift; sourceTree = "<group>"; };
		F6DA19899947ADBAE62FB81C /* Assets.xcassets */ = {isa = PBXFileReference; lastKnownFileType = folder.assetcatalog; path = Assets.xcassets; sourceTree = "<group>"; };
		F9C117DE07274F16E9DFE153 /* ImportReviewView.swift */ = {isa = PBXFileReference; lastKnownFileType = sourcecode.swift; path = ImportReviewView.swift; sourceTree = "<group>"; };
		FD9B9FB773AAD71C1FFBC0A9 /* Friend.swift */ = {isa = PBXFileReference; lastKnownFileType = sourcecode.swift; path = Friend.swift; sourceTree = "<group>"; };
		903D37CE594E4F99AE30250C /* Baloo2-Regular.ttf */ = {isa = PBXFileReference; lastKnownFileType = file; path = Baloo2-Regular.ttf; sourceTree = "<group>"; };
		65284112E4BF42EE9D377992 /* Baloo2-Medium.ttf */ = {isa = PBXFileReference; lastKnownFileType = file; path = Baloo2-Medium.ttf; sourceTree = "<group>"; };
		9AD787ED7FAE4415ADA52EE8 /* Baloo2-SemiBold.ttf */ = {isa = PBXFileReference; lastKnownFileType = file; path = Baloo2-SemiBold.ttf; sourceTree = "<group>"; };
		85DB6A99D1D24D5D97DD48D8 /* Baloo2-Bold.ttf */ = {isa = PBXFileReference; lastKnownFileType = file; path = Baloo2-Bold.ttf; sourceTree = "<group>"; };
		B49511AC9F46458295FE5964 /* Baloo2-ExtraBold.ttf */ = {isa = PBXFileReference; lastKnownFileType = file; path = Baloo2-ExtraBold.ttf; sourceTree = "<group>"; };
		D6E7F8091A2B3C4D5E6F7081 /* AvatarView.swift */ = {isa = PBXFileReference; lastKnownFileType = sourcecode.swift; path = AvatarView.swift; sourceTree = "<group>"; };
		CFFAC09421A941E39841863E /* BubblePopColors.swift */ = {isa = PBXFileReference; lastKnownFileType = sourcecode.swift; path = BubblePopColors.swift; sourceTree = "<group>"; };
		7C350D01910646648801C220 /* BubblePopTypography.swift */ = {isa = PBXFileReference; lastKnownFileType = sourcecode.swift; path = BubblePopTypography.swift; sourceTree = "<group>"; };
		BE417F4983DF4BDAA498B256 /* BubblePopSpacing.swift */ = {isa = PBXFileReference; lastKnownFileType = sourcecode.swift; path = BubblePopSpacing.swift; sourceTree = "<group>"; };
		E304BAE08F4F492BA08296DD /* BubblePopShadows.swift */ = {isa = PBXFileReference; lastKnownFileType = sourcecode.swift; path = BubblePopShadows.swift; sourceTree = "<group>"; };
		100EE47A8F6843A79DD026C0 /* TemperatureZone.swift */ = {isa = PBXFileReference; lastKnownFileType = sourcecode.swift; path = TemperatureZone.swift; sourceTree = "<group>"; };
		145D5436F56D4365AC1939C0 /* WeatherIconMapper.swift */ = {isa = PBXFileReference; lastKnownFileType = sourcecode.swift; path = WeatherIconMapper.swift; sourceTree = "<group>"; };
		66155DFEE3BF43A58A1EECDD /* BubblePopButton.swift */ = {isa = PBXFileReference; lastKnownFileType = sourcecode.swift; path = BubblePopButton.swift; sourceTree = "<group>"; };
/* End PBXFileReference section */

/* Begin PBXFrameworksBuildPhase section */
		4A6E8F42AA77459E04FC8285 /* Frameworks */ = {
			isa = PBXFrameworksBuildPhase;
			buildActionMask = 2147483647;
			files = (
				8EE4E92657DA0078618AFFE9 /* FirebaseAuth in Frameworks */,
				D2ECEFED9515A6FF40E8788C /* FirebaseFirestore in Frameworks */,
				226BC0E6E4484946DFF8AAD3 /* FirebaseStorage in Frameworks */,
				10484AEF454F2341CDCCB81C /* FirebaseFunctions in Frameworks */,
				06A7CAEBD5D6F9D29B012C89 /* GoogleSignIn in Frameworks */,
				3BDD9AFB21EC96E8A7EE92FF /* GoogleSignInSwift in Frameworks */,
				2C734351BA0E285634373291 /* FacebookCore in Frameworks */,
				D3F12FC7FC22B4A683338628 /* FacebookLogin in Frameworks */,
				8CA3ABF18999AE1697108BA2 /* FirebaseMessaging in Frameworks */,
			);
			runOnlyForDeploymentPostprocessing = 0;
		};
/* End PBXFrameworksBuildPhase section */

/* Begin PBXGroup section */
		2084E22EF3A69E14272FD731 /* FriendList */ = {
			isa = PBXGroup;
			children = (
				9D198A6FFAF3C36481DF57EC /* AddFriendSheet.swift */,
				9B84BDDA57D947D21BF33DD3 /* FriendCategoryView.swift */,
				50C17A00CA20FF485FF6DE6A /* FriendListView.swift */,
				21C773FC6DD78C9854596E5D /* FriendListViewModel.swift */,
				27DD254978A557D8DFB2EA3B /* FriendMapView.swift */,
				BD83D4A4F94EA7B27B72CA97 /* FriendMapViewModel.swift */,
				4BF4883BF93DB7BD9B5DE307 /* FriendRowView.swift */,
				7EB4EAC612CD687061805314 /* FriendsTabView.swift */,
				59C4267EC810F7CB90C18295 /* WeatherDetailSheet.swift */,
			);
			path = FriendList;
			sourceTree = "<group>";
		};
		236B5DC004E5D0A5F80B7C56 /* HotAndColdFriendsWidget */ = {
			isa = PBXGroup;
			children = (
				258BBCF26EBD1AC21640B13D /* HotAndColdFriendsWidget.entitlements */,
				4983BC091BC878A6DCCEFF65 /* HotAndColdFriendsWidget.swift */,
				66579F50B54C2DB086C98BF6 /* Info.plist */,
				BE2A1485C33F328D6E63E9BB /* WidgetViews.swift */,
			);
			path = HotAndColdFriendsWidget;
			sourceTree = "<group>";
		};
		252155F44BE65BC89B423DE6 /* Login */ = {
			isa = PBXGroup;
			children = (
				B639990872A0AD5664410044 /* LoginView.swift */,
				C665750FE31C993FBAB8CFD6 /* LoginViewModel.swift */,
			);
			path = Login;
			sourceTree = "<group>";
		};
		2C2D3FA3AD8D13F2FC09BDED /* Auth */ = {
			isa = PBXGroup;
			children = (
				7CC38AB7BDC03D9814B36926 /* AuthManager.swift */,
				D318457A3208319B531E0026 /* AuthState.swift */,
			);
			path = Auth;
			sourceTree = "<group>";
		};
		2C3920DD15E7CC576F83AF64 /* Chat */ = {
			isa = PBXGroup;
			children = (
				F3D50E45FEF6B20630356DDD /* ChatBubbleView.swift */,
				2443925B1B0DF6EC55C0E98F /* ChatView.swift */,
				72797A3E84EADA4B957500B5 /* ChatViewModel.swift */,
				1A01965131E6255B5C1057AF /* ConversationListView.swift */,
				59676B084BB0DFF1A9DDE540 /* ConversationListViewModel.swift */,
				986FCC0691322A4C8D26A54C /* NewConversationSheet.swift */,
				625A8067A1DC08A0ED9879E1 /* WeatherHeaderView.swift */,
				616C89AE007BB29E51AABE54 /* WeatherStickerView.swift */,
			);
			path = Chat;
			sourceTree = "<group>";
		};
		393B44CB1A1040F1B51FEA71 /* Animations */ = {
			isa = PBXGroup;
			children = (
				C0FEF5CBE394AD4CFCBECA2A /* WeatherAnimationView.swift */,
			);
			path = Animations;
			sourceTree = "<group>";
		};
		3E0E69EB15ADFC8687E8356B /* Products */ = {
			isa = PBXGroup;
			children = (
				2A67B39B28528E02AB997109 /* HotAndColdFriends.app */,
				9DE660F20F631B593A624396 /* HotAndColdFriendsWidgetExtension.appex */,
			);
			name = Products;
			sourceTree = "<group>";
		};
		3EAD0A4D63AC08A5F894BD8B /* ContactImport */ = {
			isa = PBXGroup;
			children = (
				97F7A7C3ABE2D55AC4851133 /* ContactImportRow.swift */,
				EB81775B5DEE9ABD7A1262F0 /* ContactImportView.swift */,
				F9C117DE07274F16E9DFE153 /* ImportReviewView.swift */,
			);
			path = ContactImport;
			sourceTree = "<group>";
		};
		5DC6D1A3C6973725E6C43387 /* Navigation */ = {
			isa = PBXGroup;
			children = (
				49AEC5B49CAD762F884C75ED /* AppRouter.swift */,
				46BE76294B35397FE9A5F57B /* MainTabView.swift */,
			);
			path = Navigation;
			sourceTree = "<group>";
		};
		63921779186DC971AA450F54 /* App */ = {
			isa = PBXGroup;
			children = (
				F5AADA557D58C83067C0A07B /* AppDelegate.swift */,
				B963C03952B9BE216F70BEAC /* HotAndColdFriendsApp.swift */,
			);
			path = App;
			sourceTree = "<group>";
		};
		6E72D79B1EC5FFA8005F6D39 /* Services */ = {
			isa = PBXGroup;
			children = (
				C7AEAB277B4D4E5B28E34FEC /* AppWeatherService.swift */,
				C823460B236F30515A2B6BA4 /* ChatService.swift */,
				94BD41B30E138D13CBFB02F6 /* ContactImportService.swift */,
				57A43CF1210845D602D8EA8A /* DailyWeatherNotificationService.swift */,
				4808F3AA5DCC2DF144C3D737 /* DemoFriendService.swift */,
				F114DFB02FD57BACC061D3CB /* FriendService.swift */,
				26AA76B894E3A6EB74C5E6B6 /* LocationService.swift */,
				A0595D92E8471402A2465017 /* UserService.swift */,
				10C4F7C7CE6C88821310C717 /* WeatherAlertService.swift */,
			);
			path = Services;
			sourceTree = "<group>";
		};
		704C9E0A6F852E8E22E1C419 /* Models */ = {
			isa = PBXGroup;
			children = (
				6D5D09E7D2EB63EA3EDCDDDF /* AppUser.swift */,
				E534A735B585F4550CAE1A58 /* ChatMessage.swift */,
				16EF143E99F47157F84C8BC8 /* Conversation.swift */,
				FD9B9FB773AAD71C1FFBC0A9 /* Friend.swift */,
				3CBA5CD41802CFE062FE5EAB /* FriendWeather.swift */,
				DD414AD8699A2B68C55D7CF8 /* Report.swift */,
				EDCA71A3C1F9825DAA965A6D /* WidgetFriendEntry.swift */,
			);
			path = Models;
			sourceTree = "<group>";
		};
		7923E981588C320F5564DDD6 /* Resources */ = {
			isa = PBXGroup;
				children = (
					DFDEC06C3E9242528BBF37CA /* Fonts */,
					F6DA19899947ADBAE62FB81C /* Assets.xcassets */,
				1F1E46F80EE4810096655142 /* GoogleService-Info.plist */,
				00401E5EF0ABA708741615B5 /* HotAndColdFriends.entitlements */,
				AAEDC4DFF905CA78F3B8EA6E /* Info.plist */,
				DB73DE87C26C659D7FA9B19C /* PrivacyInfo.xcprivacy */,
			);
			path = Resources;
			sourceTree = "<group>";
		};
		9329504446FF44C7F81E4564 = {
			isa = PBXGroup;
			children = (
				C2360FC8FE5410A56BD90BCE /* HotAndColdFriends */,
				236B5DC004E5D0A5F80B7C56 /* HotAndColdFriendsWidget */,
				3E0E69EB15ADFC8687E8356B /* Products */,
			);
			sourceTree = "<group>";
		};
		9668781583DD23D32D968317 /* Core */ = {
			isa = PBXGroup;
			children = (
				2C2D3FA3AD8D13F2FC09BDED /* Auth */,
				5DC6D1A3C6973725E6C43387 /* Navigation */,
			);
			path = Core;
			sourceTree = "<group>";
		};
		A04772A4227A1B1808693CCA /* Onboarding */ = {
			isa = PBXGroup;
			children = (
				2A3D7A85A327C5BADD0FE4B2 /* OnboardingFavoritesView.swift */,
				680DE0113F1304C8D2F93C0D /* OnboardingLocationView.swift */,
				81ACB61652C42F6BA4E33618 /* OnboardingNameView.swift */,
				340E3F3E57693FB11E4F7A83 /* OnboardingPhotoView.swift */,
				3B20F948D1A9868EE70A5272 /* OnboardingView.swift */,
				08DC5CA1D9EA7E3DA8C1A93B /* OnboardingViewModel.swift */,
			);
			path = Onboarding;
			sourceTree = "<group>";
		};
		C2360FC8FE5410A56BD90BCE /* HotAndColdFriends */ = {
			isa = PBXGroup;
			children = (
				63921779186DC971AA450F54 /* App */,
				9668781583DD23D32D968317 /* Core */,
				96E7051309C04516BB9A9501 /* DesignSystem */,
				FBDC65FEBF23573D92FF1194 /* Features */,
				704C9E0A6F852E8E22E1C419 /* Models */,
				7923E981588C320F5564DDD6 /* Resources */,
				6E72D79B1EC5FFA8005F6D39 /* Services */,
			);
			path = HotAndColdFriends;
			sourceTree = "<group>";
		};
		E901A952B0803E6034180815 /* Profile */ = {
			isa = PBXGroup;
			children = (
				1F40D14036FC668699DE4464 /* EditProfileView.swift */,
				16B4A9387ECDC78DA98932C0 /* FriendProfileView.swift */,
				83B8C3C60DADFC174ABB094F /* ProfileView.swift */,
				2D1B0EE016563BF8F8478701 /* ProfileViewModel.swift */,
			);
			path = Profile;
			sourceTree = "<group>";
		};
		FBDC65FEBF23573D92FF1194 /* Features */ = {
			isa = PBXGroup;
			children = (
				393B44CB1A1040F1B51FEA71 /* Animations */,
				2C3920DD15E7CC576F83AF64 /* Chat */,
				3EAD0A4D63AC08A5F894BD8B /* ContactImport */,
				2084E22EF3A69E14272FD731 /* FriendList */,
				252155F44BE65BC89B423DE6 /* Login */,
				A04772A4227A1B1808693CCA /* Onboarding */,
				E901A952B0803E6034180815 /* Profile */,
			);
			path = Features;
			sourceTree = "<group>";
		};

		DFDEC06C3E9242528BBF37CA /* Fonts */ = {
			isa = PBXGroup;
			children = (
				903D37CE594E4F99AE30250C /* Baloo2-Regular.ttf */,
				65284112E4BF42EE9D377992 /* Baloo2-Medium.ttf */,
				9AD787ED7FAE4415ADA52EE8 /* Baloo2-SemiBold.ttf */,
				85DB6A99D1D24D5D97DD48D8 /* Baloo2-Bold.ttf */,
				B49511AC9F46458295FE5964 /* Baloo2-ExtraBold.ttf */,
			);
			path = Fonts;
			sourceTree = "<group>";
		};
		96E7051309C04516BB9A9501 /* DesignSystem */ = {
			isa = PBXGroup;
			children = (
				D6E7F8091A2B3C4D5E6F7081 /* AvatarView.swift */,
				CFFAC09421A941E39841863E /* BubblePopColors.swift */,
				7C350D01910646648801C220 /* BubblePopTypography.swift */,
				BE417F4983DF4BDAA498B256 /* BubblePopSpacing.swift */,
				E304BAE08F4F492BA08296DD /* BubblePopShadows.swift */,
				66155DFEE3BF43A58A1EECDD /* BubblePopButton.swift */,
				100EE47A8F6843A79DD026C0 /* TemperatureZone.swift */,
				145D5436F56D4365AC1939C0 /* WeatherIconMapper.swift */,
			);
			path = DesignSystem;
			sourceTree = "<group>";
		};
/* End PBXGroup section */

/* Begin PBXNativeTarget section */
		0FBAAC30773D82F16E475729 /* HotAndColdFriends */ = {
			isa = PBXNativeTarget;
			buildConfigurationList = D6C3BD4D66717E138DD4B2DE /* Build configuration list for PBXNativeTarget "HotAndColdFriends" */;
			buildPhases = (
				666F8C7AB0B7B293DA4B102C /* Sources */,
				F0567509066A8C839C704A67 /* Resources */,
				4A6E8F42AA77459E04FC8285 /* Frameworks */,
				721F6654E6602BF055D2540C /* Embed Foundation Extensions */,
			);
			buildRules = (
			);
			dependencies = (
				75E78DAFE80385F17C6C4394 /* PBXTargetDependency */,
			);
			name = HotAndColdFriends;
			packageProductDependencies = (
				BCF5F5391A781D6D3DDD6B4B /* FirebaseAuth */,
				CD4E76478D6F38D4786EA39A /* FirebaseFirestore */,
				1DF6AB643D3A1D887131F2BA /* FirebaseStorage */,
				A3174E5AD01F2CA839F31AF3 /* FirebaseFunctions */,
				F8B44FFE32EBF050A94BE8AA /* GoogleSignIn */,
				3560593D7328AF527A711AB5 /* GoogleSignInSwift */,
				47014F2EAB98CBF799D97551 /* FacebookCore */,
				0E207B2F3C8877482BDA8A6D /* FacebookLogin */,
				0349F96B865000DA59EC0FDA /* FirebaseMessaging */,
			);
			productName = HotAndColdFriends;
			productReference = 2A67B39B28528E02AB997109 /* HotAndColdFriends.app */;
			productType = "com.apple.product-type.application";
		};
		9B4677BEA7494FABF7890624 /* HotAndColdFriendsWidgetExtension */ = {
			isa = PBXNativeTarget;
			buildConfigurationList = 777B6C4997AA81CCB606C979 /* Build configuration list for PBXNativeTarget "HotAndColdFriendsWidgetExtension" */;
			buildPhases = (
				D3B5FE89C59302B9AA3C61A3 /* Sources */,
			);
			buildRules = (
			);
			dependencies = (
			);
			name = HotAndColdFriendsWidgetExtension;
			packageProductDependencies = (
			);
			productName = HotAndColdFriendsWidgetExtension;
			productReference = 9DE660F20F631B593A624396 /* HotAndColdFriendsWidgetExtension.appex */;
			productType = "com.apple.product-type.app-extension";
		};
/* End PBXNativeTarget section */

/* Begin PBXProject section */
		00DC4A437621618867294229 /* Project object */ = {
			isa = PBXProject;
			attributes = {
				BuildIndependentTargetsInParallel = YES;
				LastUpgradeCheck = 1600;
				TargetAttributes = {
					0FBAAC30773D82F16E475729 = {
						DevelopmentTeam = A473BQKT8M;
					};
					9B4677BEA7494FABF7890624 = {
						DevelopmentTeam = A473BQKT8M;
					};
				};
			};
			buildConfigurationList = AB8611E96C5D19599D6DBE72 /* Build configuration list for PBXProject "HotAndColdFriends" */;
			compatibilityVersion = "Xcode 14.0";
			developmentRegion = en;
			hasScannedForEncodings = 0;
			knownRegions = (
				Base,
				en,
			);
			mainGroup = 9329504446FF44C7F81E4564;
			minimizedProjectReferenceProxies = 1;
			packageReferences = (
				0678339346409B825A43B8DF /* XCRemoteSwiftPackageReference "facebook-ios-sdk" */,
				5CFEE0E9C3F8074D4EC54A6A /* XCRemoteSwiftPackageReference "firebase-ios-sdk" */,
				5CDBB0B37EF32C21C55242C0 /* XCRemoteSwiftPackageReference "GoogleSignIn-iOS" */,
			);
			preferredProjectObjectVersion = 77;
			projectDirPath = "";
			projectRoot = "";
			targets = (
				0FBAAC30773D82F16E475729 /* HotAndColdFriends */,
				9B4677BEA7494FABF7890624 /* HotAndColdFriendsWidgetExtension */,
			);
		};
/* End PBXProject section */

/* Begin PBXResourcesBuildPhase section */
		F0567509066A8C839C704A67 /* Resources */ = {
			isa = PBXResourcesBuildPhase;
			buildActionMask = 2147483647;
			files = (
				BEAF45DA476A45C6AACC9DD2 /* Baloo2-Regular.ttf in Resources */,
				8CFC002566CE417C99350428 /* Baloo2-Medium.ttf in Resources */,
				4A0B5FA4D3904D46A86D2046 /* Baloo2-SemiBold.ttf in Resources */,
				911310307C0A40C38D90D572 /* Baloo2-Bold.ttf in Resources */,
				99CB3990B152438E94651CF8 /* Baloo2-ExtraBold.ttf in Resources */,
				0E9ADED7867FE59512BC818D /* Assets.xcassets in Resources */,
				8BCC1D7419C1C8BF9ACF0500 /* GoogleService-Info.plist in Resources */,
				C9930BD4051D14E757B05503 /* PrivacyInfo.xcprivacy in Resources */,
			);
			runOnlyForDeploymentPostprocessing = 0;
		};
/* End PBXResourcesBuildPhase section */

/* Begin PBXSourcesBuildPhase section */
		666F8C7AB0B7B293DA4B102C /* Sources */ = {
			isa = PBXSourcesBuildPhase;
			buildActionMask = 2147483647;
			files = (
				A1B2C3D4E5F60718293A4B5C /* AvatarView.swift in Sources */,
				F880C289CF4A43C5852EAC56 /* BubblePopColors.swift in Sources */,
				8D9E0DEE654C454382C744CA /* BubblePopTypography.swift in Sources */,
				97B3787590FF4AB582370936 /* BubblePopSpacing.swift in Sources */,
				29BBA592B593415FA2C6B5B1 /* BubblePopShadows.swift in Sources */,
				ED10D335E03848CE8CD6DEE3 /* TemperatureZone.swift in Sources */,
				9407BD3AE2C24FA4B9FB22AA /* WeatherIconMapper.swift in Sources */,
				3626D8CEE80D4F11814A5931 /* BubblePopButton.swift in Sources */,
				6205811B236AE218203BC104 /* AddFriendSheet.swift in Sources */,
				E367E5B04B89BFFD0875E007 /* AppDelegate.swift in Sources */,
				A5A6F2FC3544EC1A7BFBFE7D /* AppRouter.swift in Sources */,
				5F64AB1D959D25FB3C756F0C /* AppUser.swift in Sources */,
				0923FF83596356705AEEA84C /* AppWeatherService.swift in Sources */,
				B5574A7DB63C97694C30F7B2 /* AuthManager.swift in Sources */,
				3224CEADB543DD6572289FC1 /* AuthState.swift in Sources */,
				97E21DAEF34CA72BF1ABBA47 /* ChatBubbleView.swift in Sources */,
				9001F0FA1C4AF8B41E0EE87E /* ChatMessage.swift in Sources */,
				43B3A4CD67349EE853E277F1 /* ChatService.swift in Sources */,
				1076B577218F0D9FB02F95A6 /* ChatView.swift in Sources */,
				CCFC4ED925834CEC5A5EA8EE /* ChatViewModel.swift in Sources */,
				76D58889D5DD6FEBC491DCC0 /* ContactImportRow.swift in Sources */,
				E821AE5D2E43037E4998C7C8 /* ContactImportService.swift in Sources */,
				B2B0860E2220BB010905DE15 /* ContactImportView.swift in Sources */,
				F1E4163C8B26301DCBA10F41 /* Conversation.swift in Sources */,
				8B3F462DA2B0D8D87102B330 /* ConversationListView.swift in Sources */,
				5490F71F115D180AAD2CCCA8 /* ConversationListViewModel.swift in Sources */,
				37E62F0EAC0C9C9491482539 /* DailyWeatherNotificationService.swift in Sources */,
				20F4C115E36989720250E76E /* DemoFriendService.swift in Sources */,
				5A2E4F25DBE3DA8AA52245A2 /* EditProfileView.swift in Sources */,
				5C4A18FD9AB1FBDCC3D7523A /* Friend.swift in Sources */,
				E5F1888F2C07A59B2ACCFE21 /* FriendCategoryView.swift in Sources */,
				20C40295A428CE765A09C78A /* FriendListView.swift in Sources */,
				7CCBF541B71A56D605D16032 /* FriendListViewModel.swift in Sources */,
				9BB9864F2639D615362A3180 /* FriendMapView.swift in Sources */,
				C9AF99B0F8F84E9E987F1B6E /* FriendMapViewModel.swift in Sources */,
				FD49AECC6F0DBCCFD7332371 /* FriendProfileView.swift in Sources */,
				34B88F423944EF00A8B58B62 /* FriendRowView.swift in Sources */,
				0E0A0EB16E769C9682197E5A /* FriendService.swift in Sources */,
				206CA7F5CD9F5B7F6DEEC65D /* FriendWeather.swift in Sources */,
				F68180E110596C07E07AF9F2 /* FriendsTabView.swift in Sources */,
				41B410495D3A8703AA619245 /* HotAndColdFriendsApp.swift in Sources */,
				DD39A0BACDC411EC18D61E72 /* ImportReviewView.swift in Sources */,
				C3D69DA3003679DFAB00C76E /* LocationService.swift in Sources */,
				F6B45EA42E056C7427F067E8 /* LoginView.swift in Sources */,
				89FD7BADF5356C400F79236E /* LoginViewModel.swift in Sources */,
				3BD13553ADB693861F76AEBC /* MainTabView.swift in Sources */,
				D3AB8C23696CE09363855001 /* NewConversationSheet.swift in Sources */,
				015C89977A31E07AF102B3CF /* OnboardingFavoritesView.swift in Sources */,
				8AEC6AF2E3C3D1310CF1629C /* OnboardingLocationView.swift in Sources */,
				728B80C4300E19BC3170558F /* OnboardingNameView.swift in Sources */,
				FE434D8804CA0C7AEAE41340 /* OnboardingPhotoView.swift in Sources */,
				94179C511E6289B2EB6E01AB /* OnboardingView.swift in Sources */,
				8A1F4FC9052B1E1BDFE9BF2F /* OnboardingViewModel.swift in Sources */,
				561765040B94E999926C86D9 /* ProfileView.swift in Sources */,
				57E58C63B0AA9B1E741E0635 /* ProfileViewModel.swift in Sources */,
				CC740470FC314853DEFD878F /* Report.swift in Sources */,
				6F93C5D433398194F1718108 /* UserService.swift in Sources */,
				EE887857D9F81FF71E52BA78 /* WeatherAlertService.swift in Sources */,
				7222AC8CB0FA8073920A1194 /* WeatherAnimationView.swift in Sources */,
				EB88DA4EA3DBFD252CB01BE9 /* WeatherDetailSheet.swift in Sources */,
				8C5DDD1B3D5EF71814EA8F19 /* WeatherHeaderView.swift in Sources */,
				104A6991155EBF8F20498249 /* WeatherStickerView.swift in Sources */,
				91B378E9C6224101CEFA458F /* WidgetFriendEntry.swift in Sources */,
			);
			runOnlyForDeploymentPostprocessing = 0;
		};
		D3B5FE89C59302B9AA3C61A3 /* Sources */ = {
			isa = PBXSourcesBuildPhase;
			buildActionMask = 2147483647;
			files = (
				2EE3936893B74CD38CD6956C /* BubblePopColors.swift in Sources */,
				DE98F4DC2B264C17B035C18B /* BubblePopTypography.swift in Sources */,
				061097CB1A824B4FAD96B9C4 /* BubblePopSpacing.swift in Sources */,
				C06E4399A8E646609AEFFDA5 /* BubblePopShadows.swift in Sources */,
				23D3FCE26F8C46FEAD1F60EB /* TemperatureZone.swift in Sources */,
				654D72C7D1AE4179B51EF579 /* WeatherIconMapper.swift in Sources */,
				2F1F90AEF35543FEB33D420E /* BubblePopButton.swift in Sources */,
				7758C9A0A11DFDDD894D10F3 /* HotAndColdFriendsWidget.swift in Sources */,
				9C5D837CE1F84587D31A8D8D /* WidgetFriendEntry.swift in Sources */,
				031225AE3CC7B79EF8784EB7 /* WidgetViews.swift in Sources */,
			);
			runOnlyForDeploymentPostprocessing = 0;
		};
/* End PBXSourcesBuildPhase section */

/* Begin PBXTargetDependency section */
		75E78DAFE80385F17C6C4394 /* PBXTargetDependency */ = {
			isa = PBXTargetDependency;
			target = 9B4677BEA7494FABF7890624 /* HotAndColdFriendsWidgetExtension */;
			targetProxy = 8A8D1FAD1682E332F06AA5FD /* PBXContainerItemProxy */;
		};
/* End PBXTargetDependency section */

/* Begin XCBuildConfiguration section */
		1A50F12A82802E8BFAA30464 /* Release */ = {
			isa = XCBuildConfiguration;
			buildSettings = {
				ASSETCATALOG_COMPILER_APPICON_NAME = AppIcon;
				CODE_SIGN_ENTITLEMENTS = HotAndColdFriends/Resources/HotAndColdFriends.entitlements;
				CODE_SIGN_IDENTITY = "iPhone Developer";
				INFOPLIST_FILE = HotAndColdFriends/Resources/Info.plist;
				IPHONEOS_DEPLOYMENT_TARGET = 17.0;
				LD_RUNPATH_SEARCH_PATHS = (
					"$(inherited)",
					"@executable_path/Frameworks",
				);
				PRODUCT_BUNDLE_IDENTIFIER = se.sandenskog.hotandcoldfriends;
				SDKROOT = iphoneos;
				TARGETED_DEVICE_FAMILY = "1,2";
			};
			name = Release;
		};
		3FFB1DB83CBD44701AFCBAA0 /* Debug */ = {
			isa = XCBuildConfiguration;
			buildSettings = {
				ALWAYS_SEARCH_USER_PATHS = NO;
				CLANG_ANALYZER_NONNULL = YES;
				CLANG_ANALYZER_NUMBER_OBJECT_CONVERSION = YES_AGGRESSIVE;
				CLANG_CXX_LANGUAGE_STANDARD = "gnu++14";
				CLANG_CXX_LIBRARY = "libc++";
				CLANG_ENABLE_MODULES = YES;
				CLANG_ENABLE_OBJC_ARC = YES;
				CLANG_ENABLE_OBJC_WEAK = YES;
				CLANG_WARN_BLOCK_CAPTURE_AUTORELEASING = YES;
				CLANG_WARN_BOOL_CONVERSION = YES;
				CLANG_WARN_COMMA = YES;
				CLANG_WARN_CONSTANT_CONVERSION = YES;
				CLANG_WARN_DEPRECATED_OBJC_IMPLEMENTATIONS = YES;
				CLANG_WARN_DIRECT_OBJC_ISA_USAGE = YES_ERROR;
				CLANG_WARN_DOCUMENTATION_COMMENTS = YES;
				CLANG_WARN_EMPTY_BODY = YES;
				CLANG_WARN_ENUM_CONVERSION = YES;
				CLANG_WARN_INFINITE_RECURSION = YES;
				CLANG_WARN_INT_CONVERSION = YES;
				CLANG_WARN_NON_LITERAL_NULL_CONVERSION = YES;
				CLANG_WARN_OBJC_IMPLICIT_RETAIN_SELF = YES;
				CLANG_WARN_OBJC_LITERAL_CONVERSION = YES;
				CLANG_WARN_OBJC_ROOT_CLASS = YES_ERROR;
				CLANG_WARN_QUOTED_INCLUDE_IN_FRAMEWORK_HEADER = YES;
				CLANG_WARN_RANGE_LOOP_ANALYSIS = YES;
				CLANG_WARN_STRICT_PROTOTYPES = YES;
				CLANG_WARN_SUSPICIOUS_MOVE = YES;
				CLANG_WARN_UNGUARDED_AVAILABILITY = YES_AGGRESSIVE;
				CLANG_WARN_UNREACHABLE_CODE = YES;
				CLANG_WARN__DUPLICATE_METHOD_MATCH = YES;
				COPY_PHASE_STRIP = NO;
				CURRENT_PROJECT_VERSION = 202603042127;
				DEBUG_INFORMATION_FORMAT = dwarf;
				DEVELOPMENT_TEAM = A473BQKT8M;
				ENABLE_STRICT_OBJC_MSGSEND = YES;
				ENABLE_TESTABILITY = YES;
				GCC_C_LANGUAGE_STANDARD = gnu11;
				GCC_DYNAMIC_NO_PIC = NO;
				GCC_NO_COMMON_BLOCKS = YES;
				GCC_OPTIMIZATION_LEVEL = 0;
				GCC_PREPROCESSOR_DEFINITIONS = (
					"$(inherited)",
					"DEBUG=1",
				);
				GCC_WARN_64_TO_32_BIT_CONVERSION = YES;
				GCC_WARN_ABOUT_RETURN_TYPE = YES_ERROR;
				GCC_WARN_UNDECLARED_SELECTOR = YES;
				GCC_WARN_UNINITIALIZED_AUTOS = YES_AGGRESSIVE;
				GCC_WARN_UNUSED_FUNCTION = YES;
				GCC_WARN_UNUSED_VARIABLE = YES;
				IPHONEOS_DEPLOYMENT_TARGET = 17.0;
				MARKETING_VERSION = 1.0.0;
				MTL_ENABLE_DEBUG_INFO = INCLUDE_SOURCE;
				MTL_FAST_MATH = YES;
				ONLY_ACTIVE_ARCH = YES;
				PRODUCT_BUNDLE_IDENTIFIER = se.sandenskog.hotandcoldfriends;
				PRODUCT_NAME = "$(TARGET_NAME)";
				SDKROOT = iphoneos;
				SWIFT_ACTIVE_COMPILATION_CONDITIONS = DEBUG;
				SWIFT_OPTIMIZATION_LEVEL = "-Onone";
				SWIFT_VERSION = 5.9;
			};
			name = Debug;
		};
		472D0560A936C1764C1B0368 /* Debug */ = {
			isa = XCBuildConfiguration;
			buildSettings = {
				ASSETCATALOG_COMPILER_APPICON_NAME = AppIcon;
				CODE_SIGN_ENTITLEMENTS = HotAndColdFriends/Resources/HotAndColdFriends.entitlements;
				CODE_SIGN_IDENTITY = "iPhone Developer";
				INFOPLIST_FILE = HotAndColdFriends/Resources/Info.plist;
				IPHONEOS_DEPLOYMENT_TARGET = 17.0;
				LD_RUNPATH_SEARCH_PATHS = (
					"$(inherited)",
					"@executable_path/Frameworks",
				);
				PRODUCT_BUNDLE_IDENTIFIER = se.sandenskog.hotandcoldfriends;
				SDKROOT = iphoneos;
				TARGETED_DEVICE_FAMILY = "1,2";
			};
			name = Debug;
		};
		A1AFF811FE78F49010D82560 /* Release */ = {
			isa = XCBuildConfiguration;
			buildSettings = {
				ALWAYS_SEARCH_USER_PATHS = NO;
				CLANG_ANALYZER_NONNULL = YES;
				CLANG_ANALYZER_NUMBER_OBJECT_CONVERSION = YES_AGGRESSIVE;
				CLANG_CXX_LANGUAGE_STANDARD = "gnu++14";
				CLANG_CXX_LIBRARY = "libc++";
				CLANG_ENABLE_MODULES = YES;
				CLANG_ENABLE_OBJC_ARC = YES;
				CLANG_ENABLE_OBJC_WEAK = YES;
				CLANG_WARN_BLOCK_CAPTURE_AUTORELEASING = YES;
				CLANG_WARN_BOOL_CONVERSION = YES;
				CLANG_WARN_COMMA = YES;
				CLANG_WARN_CONSTANT_CONVERSION = YES;
				CLANG_WARN_DEPRECATED_OBJC_IMPLEMENTATIONS = YES;
				CLANG_WARN_DIRECT_OBJC_ISA_USAGE = YES_ERROR;
				CLANG_WARN_DOCUMENTATION_COMMENTS = YES;
				CLANG_WARN_EMPTY_BODY = YES;
				CLANG_WARN_ENUM_CONVERSION = YES;
				CLANG_WARN_INFINITE_RECURSION = YES;
				CLANG_WARN_INT_CONVERSION = YES;
				CLANG_WARN_NON_LITERAL_NULL_CONVERSION = YES;
				CLANG_WARN_OBJC_IMPLICIT_RETAIN_SELF = YES;
				CLANG_WARN_OBJC_LITERAL_CONVERSION = YES;
				CLANG_WARN_OBJC_ROOT_CLASS = YES_ERROR;
				CLANG_WARN_QUOTED_INCLUDE_IN_FRAMEWORK_HEADER = YES;
				CLANG_WARN_RANGE_LOOP_ANALYSIS = YES;
				CLANG_WARN_STRICT_PROTOTYPES = YES;
				CLANG_WARN_SUSPICIOUS_MOVE = YES;
				CLANG_WARN_UNGUARDED_AVAILABILITY = YES_AGGRESSIVE;
				CLANG_WARN_UNREACHABLE_CODE = YES;
				CLANG_WARN__DUPLICATE_METHOD_MATCH = YES;
				COPY_PHASE_STRIP = NO;
				CURRENT_PROJECT_VERSION = 202603042127;
				DEBUG_INFORMATION_FORMAT = "dwarf-with-dsym";
				DEVELOPMENT_TEAM = A473BQKT8M;
				ENABLE_NS_ASSERTIONS = NO;
				ENABLE_STRICT_OBJC_MSGSEND = YES;
				GCC_C_LANGUAGE_STANDARD = gnu11;
				GCC_NO_COMMON_BLOCKS = YES;
				GCC_WARN_64_TO_32_BIT_CONVERSION = YES;
				GCC_WARN_ABOUT_RETURN_TYPE = YES_ERROR;
				GCC_WARN_UNDECLARED_SELECTOR = YES;
				GCC_WARN_UNINITIALIZED_AUTOS = YES_AGGRESSIVE;
				GCC_WARN_UNUSED_FUNCTION = YES;
				GCC_WARN_UNUSED_VARIABLE = YES;
				IPHONEOS_DEPLOYMENT_TARGET = 17.0;
				MARKETING_VERSION = 1.0.0;
				MTL_ENABLE_DEBUG_INFO = NO;
				MTL_FAST_MATH = YES;
				PRODUCT_BUNDLE_IDENTIFIER = se.sandenskog.hotandcoldfriends;
				PRODUCT_NAME = "$(TARGET_NAME)";
				SDKROOT = iphoneos;
				SWIFT_COMPILATION_MODE = wholemodule;
				SWIFT_OPTIMIZATION_LEVEL = "-O";
				SWIFT_VERSION = 5.9;
			};
			name = Release;
		};
		A6323F72E9A49C916028623C /* Release */ = {
			isa = XCBuildConfiguration;
			buildSettings = {
				CODE_SIGN_ENTITLEMENTS = HotAndColdFriendsWidget/HotAndColdFriendsWidget.entitlements;
				CURRENT_PROJECT_VERSION = 202603042127;
				DEVELOPMENT_TEAM = A473BQKT8M;
				INFOPLIST_FILE = HotAndColdFriendsWidget/Info.plist;
				IPHONEOS_DEPLOYMENT_TARGET = 17.0;
				LD_RUNPATH_SEARCH_PATHS = (
					"$(inherited)",
					"@executable_path/Frameworks",
					"@executable_path/../../Frameworks",
				);
				MARKETING_VERSION = 1.0.0;
				PRODUCT_BUNDLE_IDENTIFIER = se.sandenskog.hotandcoldfriends.widget;
				SDKROOT = iphoneos;
				SWIFT_VERSION = 5.9;
				TARGETED_DEVICE_FAMILY = "1,2";
			};
			name = Release;
		};
		CD2F3255BBAF0D55F892CF20 /* Debug */ = {
			isa = XCBuildConfiguration;
			buildSettings = {
				CODE_SIGN_ENTITLEMENTS = HotAndColdFriendsWidget/HotAndColdFriendsWidget.entitlements;
				CURRENT_PROJECT_VERSION = 202603042127;
				DEVELOPMENT_TEAM = A473BQKT8M;
				INFOPLIST_FILE = HotAndColdFriendsWidget/Info.plist;
				IPHONEOS_DEPLOYMENT_TARGET = 17.0;
				LD_RUNPATH_SEARCH_PATHS = (
					"$(inherited)",
					"@executable_path/Frameworks",
					"@executable_path/../../Frameworks",
				);
				MARKETING_VERSION = 1.0.0;
				PRODUCT_BUNDLE_IDENTIFIER = se.sandenskog.hotandcoldfriends.widget;
				SDKROOT = iphoneos;
				SWIFT_VERSION = 5.9;
				TARGETED_DEVICE_FAMILY = "1,2";
			};
			name = Debug;
		};
/* End XCBuildConfiguration section */

/* Begin XCConfigurationList section */
		777B6C4997AA81CCB606C979 /* Build configuration list for PBXNativeTarget "HotAndColdFriendsWidgetExtension" */ = {
			isa = XCConfigurationList;
			buildConfigurations = (
				CD2F3255BBAF0D55F892CF20 /* Debug */,
				A6323F72E9A49C916028623C /* Release */,
			);
			defaultConfigurationIsVisible = 0;
			defaultConfigurationName = Debug;
		};
		AB8611E96C5D19599D6DBE72 /* Build configuration list for PBXProject "HotAndColdFriends" */ = {
			isa = XCConfigurationList;
			buildConfigurations = (
				3FFB1DB83CBD44701AFCBAA0 /* Debug */,
				A1AFF811FE78F49010D82560 /* Release */,
			);
			defaultConfigurationIsVisible = 0;
			defaultConfigurationName = Debug;
		};
		D6C3BD4D66717E138DD4B2DE /* Build configuration list for PBXNativeTarget "HotAndColdFriends" */ = {
			isa = XCConfigurationList;
			buildConfigurations = (
				472D0560A936C1764C1B0368 /* Debug */,
				1A50F12A82802E8BFAA30464 /* Release */,
			);
			defaultConfigurationIsVisible = 0;
			defaultConfigurationName = Debug;
		};
/* End XCConfigurationList section */

/* Begin XCRemoteSwiftPackageReference section */
		0678339346409B825A43B8DF /* XCRemoteSwiftPackageReference "facebook-ios-sdk" */ = {
			isa = XCRemoteSwiftPackageReference;
			repositoryURL = "https://github.com/facebook/facebook-ios-sdk.git";
			requirement = {
				kind = upToNextMajorVersion;
				minimumVersion = 17.0.0;
			};
		};
		5CDBB0B37EF32C21C55242C0 /* XCRemoteSwiftPackageReference "GoogleSignIn-iOS" */ = {
			isa = XCRemoteSwiftPackageReference;
			repositoryURL = "https://github.com/google/GoogleSignIn-iOS.git";
			requirement = {
				kind = upToNextMajorVersion;
				minimumVersion = 7.0.0;
			};
		};
		5CFEE0E9C3F8074D4EC54A6A /* XCRemoteSwiftPackageReference "firebase-ios-sdk" */ = {
			isa = XCRemoteSwiftPackageReference;
			repositoryURL = "https://github.com/firebase/firebase-ios-sdk.git";
			requirement = {
				kind = upToNextMajorVersion;
				minimumVersion = 11.0.0;
			};
		};
/* End XCRemoteSwiftPackageReference section */

/* Begin XCSwiftPackageProductDependency section */
		0349F96B865000DA59EC0FDA /* FirebaseMessaging */ = {
			isa = XCSwiftPackageProductDependency;
			package = 5CFEE0E9C3F8074D4EC54A6A /* XCRemoteSwiftPackageReference "firebase-ios-sdk" */;
			productName = FirebaseMessaging;
		};
		0E207B2F3C8877482BDA8A6D /* FacebookLogin */ = {
			isa = XCSwiftPackageProductDependency;
			package = 0678339346409B825A43B8DF /* XCRemoteSwiftPackageReference "facebook-ios-sdk" */;
			productName = FacebookLogin;
		};
		1DF6AB643D3A1D887131F2BA /* FirebaseStorage */ = {
			isa = XCSwiftPackageProductDependency;
			package = 5CFEE0E9C3F8074D4EC54A6A /* XCRemoteSwiftPackageReference "firebase-ios-sdk" */;
			productName = FirebaseStorage;
		};
		3560593D7328AF527A711AB5 /* GoogleSignInSwift */ = {
			isa = XCSwiftPackageProductDependency;
			package = 5CDBB0B37EF32C21C55242C0 /* XCRemoteSwiftPackageReference "GoogleSignIn-iOS" */;
			productName = GoogleSignInSwift;
		};
		47014F2EAB98CBF799D97551 /* FacebookCore */ = {
			isa = XCSwiftPackageProductDependency;
			package = 0678339346409B825A43B8DF /* XCRemoteSwiftPackageReference "facebook-ios-sdk" */;
			productName = FacebookCore;
		};
		A3174E5AD01F2CA839F31AF3 /* FirebaseFunctions */ = {
			isa = XCSwiftPackageProductDependency;
			package = 5CFEE0E9C3F8074D4EC54A6A /* XCRemoteSwiftPackageReference "firebase-ios-sdk" */;
			productName = FirebaseFunctions;
		};
		BCF5F5391A781D6D3DDD6B4B /* FirebaseAuth */ = {
			isa = XCSwiftPackageProductDependency;
			package = 5CFEE0E9C3F8074D4EC54A6A /* XCRemoteSwiftPackageReference "firebase-ios-sdk" */;
			productName = FirebaseAuth;
		};
		CD4E76478D6F38D4786EA39A /* FirebaseFirestore */ = {
			isa = XCSwiftPackageProductDependency;
			package = 5CFEE0E9C3F8074D4EC54A6A /* XCRemoteSwiftPackageReference "firebase-ios-sdk" */;
			productName = FirebaseFirestore;
		};
		F8B44FFE32EBF050A94BE8AA /* GoogleSignIn */ = {
			isa = XCSwiftPackageProductDependency;
			package = 5CDBB0B37EF32C21C55242C0 /* XCRemoteSwiftPackageReference "GoogleSignIn-iOS" */;
			productName = GoogleSignIn;
		};
/* End XCSwiftPackageProductDependency section */
	};
	rootObject = 00DC4A437621618867294229 /* Project object */;
}
